
Microsoft Visual Studio Solution File, Format Version 12.00
# Visual Studio Version 16
VisualStudioVersion = 16.0.31624.102
MinimumVisualStudioVersion = 10.0.40219.1
Project("{FAE04EC0-301F-11D3-BF4B-00C04F79EFBC}") = "WebAPIDemo", "WebAPIDemo\WebAPIDemo.csproj", "{56AAD9E2-8A8E-451E-9F39-6E3A5BFCB64F}"
EndProject
Global
	GlobalSection(SolutionConfigurationPlatforms) = preSolution
		Debug|Any CPU = Debug|Any CPU
		Release|Any CPU = Release|Any CPU
	EndGlobalSection
	GlobalSection(ProjectConfigurationPlatforms) = postSolution
		{56AAD9E2-8A8E-451E-9F39-6E3A5BFCB64F}.Debug|Any CPU.ActiveCfg = Debug|Any CPU
		{56AAD9E2-8A8E-451E-9F39-6E3A5BFCB64F}.Debug|Any CPU.Build.0 = Debug|Any CPU
		{56AAD9E2-8A8E-451E-9F39-6E3A5BFCB64F}.Release|Any CPU.ActiveCfg = Release|Any CPU
		{56AAD9E2-8A8E-451E-9F39-6E3A5BFCB64F}.Release|Any CPU.Build.0 = Release|Any CPU
	EndGlobalSection
	GlobalSection(SolutionProperties) = preSolution
		HideSolutionNode = FALSE
	EndGlobalSection
	GlobalSection(ExtensibilityGlobals) = postSolution
		SolutionGuid = {1E586919-9B23-456F-9E30-367839EA46DC}
	EndGlobalSection
EndGlobal
